{
  "nodes": {
    "comfyui-gguf": {
      "flake": false,
      "locked": {
        "lastModified": 1786738118,
        "narHash": "sha256-uSMJbv3gGnr1rgFctTwgMqBIOf+Tud5XIuaE3slGRPs=",
        "owner": "molbal",
        "repo": "ComfyUI-GGUF",
        "rev": "b6016439f135342819461256ec5f03fbb4003a8b",
        "type": "github"
      },
      "original": {
        "owner": "molbal",
        "repo": "ComfyUI-GGUF",
        "rev": "b6016439f135342819461256ec5f03fbb4003a8b",
        "type": "github"
      }
    },
    "llama-cpp": {
      "flake": false,
      "locked": {
        "lastModified": 1729609142,
        "narHash": "sha256-QL1scLPCXlTa00lJZjuxrTEYgr7Qqpw7hmW7X1h7tzk=",
        "owner": "ggml-org",
        "repo": "llama.cpp",
        "rev": "c8c07d658a6cefc5a50cfdf6be7d726503612303",
        "type": "github"
      },
      "original": {
        "owner": "ggml-org",
        "repo": "llama.cpp",
        "rev": "c8c07d658a6cefc5a50cfdf6be7d726503612303",
        "type": "github"
      }
    },
    "nixpkgs": {
      "locked": {
        "lastModified": 1787498568,
        "narHash": "sha256-9i/VTdusq/+NM/tz+J1Re+ojkMB8MBf0QshnYfzHz30=",
        "owner": "NixOS",
        "repo": "nixpkgs",
        "rev": "56c02bc00adcf003215cc4bd996d6efaf4cff188",
        "type": "github"
      },
      "original": {
        "owner": "NixOS",
        "ref": "nixos-unstable",
        "repo": "nixpkgs",
        "type": "github"
      }
    },
    "root": {
      "inputs": {
        "comfyui-gguf": "comfyui-gguf",
        "llama-cpp": "llama-cpp",
        "nixpkgs": "nixpkgs"
      }
    }
  },
  "root": "root",
  "version": 7
}
